# This file is generated by running "yarn install" inside your project.
# Manual changes might be lost - proceed with caution!

__metadata:
  version: 8
  cacheKey: 10c0

"360@workspace:.":
  version: 0.0.0-use.local
  resolution: "360@workspace:."
  dependencies:
    "@types/three": "npm:^0.162.0"
    esbuild: "npm:^0.20.2"
    three: "npm:^0.162.0"
    typescript: "npm:^5.4.3"
  languageName: unknown
  linkType: soft

"@esbuild/aix-ppc64@npm:0.20.2":
  version: 0.20.2
  resolution: "@esbuild/aix-ppc64@npm:0.20.2"
  conditions: os=aix & cpu=ppc64
  languageName: node
  linkType: hard

"@esbuild/android-arm64@npm:0.20.2":
  version: 0.20.2
  resolution: "@esbuild/android-arm64@npm:0.20.2"
  conditions: os=android & cpu=arm64
  languageName: node
  linkType: hard

"@esbuild/android-arm@npm:0.20.2":
  version: 0.20.2
  resolution: "@esbuild/android-arm@npm:0.20.2"
  conditions: os=android & cpu=arm
  languageName: node
  linkType: hard

"@esbuild/android-x64@npm:0.20.2":
  version: 0.20.2
  resolution: "@esbuild/android-x64@npm:0.20.2"
  conditions: os=android & cpu=x64
  languageName: node
  linkType: hard

"@esbuild/darwin-arm64@npm:0.20.2":
  version: 0.20.2
  resolution: "@esbuild/darwin-arm64@npm:0.20.2"
  conditions: os=darwin & cpu=arm64
  languageName: node
  linkType: hard

"@esbuild/darwin-x64@npm:0.20.2":
  version: 0.20.2
  resolution: "@esbuild/darwin-x64@npm:0.20.2"
  conditions: os=darwin & cpu=x64
  languageName: node
  linkType: hard

"@esbuild/freebsd-arm64@npm:0.20.2":
  version: 0.20.2
  resolution: "@esbuild/freebsd-arm64@npm:0.20.2"
  conditions: os=freebsd & cpu=arm64
  languageName: node
  linkType: hard

"@esbuild/freebsd-x64@npm:0.20.2":
  version: 0.20.2
  resolution: "@esbuild/freebsd-x64@npm:0.20.2"
  conditions: os=freebsd & cpu=x64
  languageName: node
  linkType: hard

"@esbuild/linux-arm64@npm:0.20.2":
  version: 0.20.2
  resolution: "@esbuild/linux-arm64@npm:0.20.2"
  conditions: os=linux & cpu=arm64
  languageName: node
  linkType: hard

"@esbuild/linux-arm@npm:0.20.2":
  version: 0.20.2
  resolution: "@esbuild/linux-arm@npm:0.20.2"
  conditions: os=linux & cpu=arm
  languageName: node
  linkType: hard

"@esbuild/linux-ia32@npm:0.20.2":
  version: 0.20.2
  resolution: "@esbuild/linux-ia32@npm:0.20.2"
  conditions: os=linux & cpu=ia32
  languageName: node
  linkType: hard

"@esbuild/linux-loong64@npm:0.20.2":
  version: 0.20.2
  resolution: "@esbuild/linux-loong64@npm:0.20.2"
  conditions: os=linux & cpu=loong64
  languageName: node
  linkType: hard

"@esbuild/linux-mips64el@npm:0.20.2":
  version: 0.20.2
  resolution: "@esbuild/linux-mips64el@npm:0.20.2"
  conditions: os=linux & cpu=mips64el
  languageName: node
  linkType: hard

"@esbuild/linux-ppc64@npm:0.20.2":
  version: 0.20.2
  resolution: "@esbuild/linux-ppc64@npm:0.20.2"
  conditions: os=linux & cpu=ppc64
  languageName: node
  linkType: hard

"@esbuild/linux-riscv64@npm:0.20.2":
  version: 0.20.2
  resolution: "@esbuild/linux-riscv64@npm:0.20.2"
  conditions: os=linux & cpu=riscv64
  languageName: node
  linkType: hard

"@esbuild/linux-s390x@npm:0.20.2":
  version: 0.20.2
  resolution: "@esbuild/linux-s390x@npm:0.20.2"
  conditions: os=linux & cpu=s390x
  languageName: node
  linkType: hard

"@esbuild/linux-x64@npm:0.20.2":
  version: 0.20.2
  resolution: "@esbuild/linux-x64@npm:0.20.2"
  conditions: os=linux & cpu=x64
  languageName: node
  linkType: hard

"@esbuild/netbsd-x64@npm:0.20.2":
  version: 0.20.2
  resolution: "@esbuild/netbsd-x64@npm:0.20.2"
  conditions: os=netbsd & cpu=x64
  languageName: node
  linkType: hard

"@esbuild/openbsd-x64@npm:0.20.2":
  version: 0.20.2
  resolution: "@esbuild/openbsd-x64@npm:0.20.2"
  conditions: os=openbsd & cpu=x64
  languageName: node
  linkType: hard

"@esbuild/sunos-x64@npm:0.20.2":
  version: 0.20.2
  resolution: "@esbuild/sunos-x64@npm:0.20.2"
  conditions: os=sunos & cpu=x64
  languageName: node
  linkType: hard

"@esbuild/win32-arm64@npm:0.20.2":
  version: 0.20.2
  resolution: "@esbuild/win32-arm64@npm:0.20.2"
  conditions: os=win32 & cpu=arm64
  languageName: node
  linkType: hard

"@esbuild/win32-ia32@npm:0.20.2":
  version: 0.20.2
  resolution: "@esbuild/win32-ia32@npm:0.20.2"
  conditions: os=win32 & cpu=ia32
  languageName: node
  linkType: hard

"@esbuild/win32-x64@npm:0.20.2":
  version: 0.20.2
  resolution: "@esbuild/win32-x64@npm:0.20.2"
  conditions: os=win32 & cpu=x64
  languageName: node
  linkType: hard

"@tweenjs/tween.js@npm:~23.1.1":
  version: 23.1.1
  resolution: "@tweenjs/tween.js@npm:23.1.1"
  checksum: 10c0/7c214cc82be3af3fed42d1405ee266a08441c106be7f3dd566f092d6162d8529633a54dfa28b90343c20f29c718ed1303bc132839badad5d498bcc6853658cbd
  languageName: node
  linkType: hard

"@types/stats.js@npm:*":
  version: 0.17.3
  resolution: "@types/stats.js@npm:0.17.3"
  checksum: 10c0/ccccc992c6dfe08fb85049aa3ce44ca7e428db8da4a3edd20298f1c8b72768021fa8bacdfbe8e9735a7552ee5d57f667c6f557050ad2d9a87b699b3566a6177a
  languageName: node
  linkType: hard

"@types/three@npm:^0.162.0":
  version: 0.162.0
  resolution: "@types/three@npm:0.162.0"
  dependencies:
    "@tweenjs/tween.js": "npm:~23.1.1"
    "@types/stats.js": "npm:*"
    "@types/webxr": "npm:*"
    fflate: "npm:~0.6.10"
    meshoptimizer: "npm:~0.18.1"
  checksum: 10c0/d4817bcb30e83804c20f505fae5a40e3d307a570b25fec65a73366c09859f7e7860cf2bf0757aa7d90f908ae7ed7d710db66b6a7cd638d6869909b4e7dfb7198
  languageName: node
  linkType: hard

"@types/webxr@npm:*":
  version: 0.5.14
  resolution: "@types/webxr@npm:0.5.14"
  checksum: 10c0/8391bc5982b24c8dfcfe914b8d6796eb4cd42db032efb4c1a110416c1694550d59cb6d198c13ebe27c9cd948733d4582f38ee4ed218ccfe6af76bdadd06dd876
  languageName: node
  linkType: hard

"esbuild@npm:^0.20.2":
  version: 0.20.2
  resolution: "esbuild@npm:0.20.2"
  dependencies:
    "@esbuild/aix-ppc64": "npm:0.20.2"
    "@esbuild/android-arm": "npm:0.20.2"
    "@esbuild/android-arm64": "npm:0.20.2"
    "@esbuild/android-x64": "npm:0.20.2"
    "@esbuild/darwin-arm64": "npm:0.20.2"
    "@esbuild/darwin-x64": "npm:0.20.2"
    "@esbuild/freebsd-arm64": "npm:0.20.2"
    "@esbuild/freebsd-x64": "npm:0.20.2"
    "@esbuild/linux-arm": "npm:0.20.2"
    "@esbuild/linux-arm64": "npm:0.20.2"
    "@esbuild/linux-ia32": "npm:0.20.2"
    "@esbuild/linux-loong64": "npm:0.20.2"
    "@esbuild/linux-mips64el": "npm:0.20.2"
    "@esbuild/linux-ppc64": "npm:0.20.2"
    "@esbuild/linux-riscv64": "npm:0.20.2"
    "@esbuild/linux-s390x": "npm:0.20.2"
    "@esbuild/linux-x64": "npm:0.20.2"
    "@esbuild/netbsd-x64": "npm:0.20.2"
    "@esbuild/openbsd-x64": "npm:0.20.2"
    "@esbuild/sunos-x64": "npm:0.20.2"
    "@esbuild/win32-arm64": "npm:0.20.2"
    "@esbuild/win32-ia32": "npm:0.20.2"
    "@esbuild/win32-x64": "npm:0.20.2"
  dependenciesMeta:
    "@esbuild/aix-ppc64":
      optional: true
    "@esbuild/android-arm":
      optional: true
    "@esbuild/android-arm64":
      optional: true
    "@esbuild/android-x64":
      optional: true
    "@esbuild/darwin-arm64":
      optional: true
    "@esbuild/darwin-x64":
      optional: true
    "@esbuild/freebsd-arm64":
      optional: true
    "@esbuild/freebsd-x64":
      optional: true
    "@esbuild/linux-arm":
      optional: true
    "@esbuild/linux-arm64":
      optional: true
    "@esbuild/linux-ia32":
      optional: true
    "@esbuild/linux-loong64":
      optional: true
    "@esbuild/linux-mips64el":
      optional: true
    "@esbuild/linux-ppc64":
      optional: true
    "@esbuild/linux-riscv64":
      optional: true
    "@esbuild/linux-s390x":
      optional: true
    "@esbuild/linux-x64":
      optional: true
    "@esbuild/netbsd-x64":
      optional: true
    "@esbuild/openbsd-x64":
      optional: true
    "@esbuild/sunos-x64":
      optional: true
    "@esbuild/win32-arm64":
      optional: true
    "@esbuild/win32-ia32":
      optional: true
    "@esbuild/win32-x64":
      optional: true
  bin:
    esbuild: bin/esbuild
  checksum: 10c0/66398f9fb2c65e456a3e649747b39af8a001e47963b25e86d9c09d2a48d61aa641b27da0ce5cad63df95ad246105e1d83e7fee0e1e22a0663def73b1c5101112
  languageName: node
  linkType: hard

"fflate@npm:~0.6.10":
  version: 0.6.10
  resolution: "fflate@npm:0.6.10"
  checksum: 10c0/c452f720e4cb404b300fceb8ef0bdf345f18fbfd3f57f7d0974dce5f5e2ac0e8dd4b6ff4bb7061ae74fd919b9c707172f9dbd44d91149b1137199b8c705768f1
  languageName: node
  linkType: hard

"meshoptimizer@npm:~0.18.1":
  version: 0.18.1
  resolution: "meshoptimizer@npm:0.18.1"
  checksum: 10c0/8a825c58b20b65585e8d00788843929b60c66ba4297e89afaa49f7c51ab9a0f7b9130f90cc9ad1b9b48b3d1bee3beb1bc93608acba0d73e78995c3e6e5ca436b
  languageName: node
  linkType: hard

"three@npm:^0.162.0":
  version: 0.162.0
  resolution: "three@npm:0.162.0"
  checksum: 10c0/ca97c30ecca94defa932ae8cb9423af66cd9b31f2d3c93b902d8b1022caaf322a022e59eca9e4ae0fd09deb03b3614c5f5114163cf9d0efac501bdc27c10445d
  languageName: node
  linkType: hard

"typescript@npm:^5.4.3":
  version: 5.4.3
  resolution: "typescript@npm:5.4.3"
  bin:
    tsc: bin/tsc
    tsserver: bin/tsserver
  checksum: 10c0/22443a8760c3668e256c0b34b6b45c359ef6cecc10c42558806177a7d500ab1a7d7aac1f976d712e26989ddf6731d2fbdd3212b7c73290a45127c1c43ba2005a
  languageName: node
  linkType: hard

"typescript@patch:typescript@npm%3A^5.4.3#optional!builtin<compat/typescript>":
  version: 5.4.3
  resolution: "typescript@patch:typescript@npm%3A5.4.3#optional!builtin<compat/typescript>::version=5.4.3&hash=5adc0c"
  bin:
    tsc: bin/tsc
    tsserver: bin/tsserver
  checksum: 10c0/6e51f8b7e6ec55b897b9e56b67e864fe8f44e30f4a14357aad5dc0f7432db2f01efc0522df0b6c36d361c51f2dc3dcac5c832efd96a404cfabf884e915d38828
  languageName: node
  linkType: hard
